
Microsoft Visual Studio Solution File, Format Version 12.00
# Visual Studio Version 17
VisualStudioVersion = 17.0.31912.275
MinimumVisualStudioVersion = 10.0.40219.1
Project("{FAE04EC0-301F-11D3-BF4B-00C04F79EFBC}") = "Holy_Garden.Android", "Holy_Garden\Holy_Garden.Android\Holy_Garden.Android.csproj", "{A9541137-BA78-4843-AA8F-4D257563F78E}"
EndProject
Project("{FAE04EC0-301F-11D3-BF4B-00C04F79EFBC}") = "Holy_Garden", "Holy_Garden\Holy_Garden\Holy_Garden.csproj", "{7C4BE937-D20C-4FF2-9566-2962501063C0}"
EndProject
Global
	GlobalSection(SolutionConfigurationPlatforms) = preSolution
		Debug|Any CPU = Debug|Any CPU
		Release|Any CPU = Release|Any CPU
	EndGlobalSection
	GlobalSection(ProjectConfigurationPlatforms) = postSolution
		{A9541137-BA78-4843-AA8F-4D257563F78E}.Debug|Any CPU.ActiveCfg = Debug|Any CPU
		{A9541137-BA78-4843-AA8F-4D257563F78E}.Debug|Any CPU.Build.0 = Debug|Any CPU
		{A9541137-BA78-4843-AA8F-4D257563F78E}.Debug|Any CPU.Deploy.0 = Debug|Any CPU
		{A9541137-BA78-4843-AA8F-4D257563F78E}.Release|Any CPU.ActiveCfg = Release|Any CPU
		{A9541137-BA78-4843-AA8F-4D257563F78E}.Release|Any CPU.Build.0 = Release|Any CPU
		{A9541137-BA78-4843-AA8F-4D257563F78E}.Release|Any CPU.Deploy.0 = Release|Any CPU
		{7C4BE937-D20C-4FF2-9566-2962501063C0}.Debug|Any CPU.ActiveCfg = Debug|Any CPU
		{7C4BE937-D20C-4FF2-9566-2962501063C0}.Debug|Any CPU.Build.0 = Debug|Any CPU
		{7C4BE937-D20C-4FF2-9566-2962501063C0}.Debug|Any CPU.Deploy.0 = Debug|Any CPU
		{7C4BE937-D20C-4FF2-9566-2962501063C0}.Release|Any CPU.ActiveCfg = Release|Any CPU
		{7C4BE937-D20C-4FF2-9566-2962501063C0}.Release|Any CPU.Build.0 = Release|Any CPU
		{7C4BE937-D20C-4FF2-9566-2962501063C0}.Release|Any CPU.Deploy.0 = Release|Any CPU
	EndGlobalSection
	GlobalSection(SolutionProperties) = preSolution
		HideSolutionNode = FALSE
	EndGlobalSection
	GlobalSection(ExtensibilityGlobals) = postSolution
		SolutionGuid = {6BAB67B4-B84F-4374-BA5A-B5E80555CC93}
	EndGlobalSection
EndGlobal
